// !$*UTF8*$!
{
	archiveVersion = 1;
	classes = {
	};
	objectVersion = 55;
	objects = {

/* Begin PBXBuildFile section */
		003EE360778C513F4C1D4896 /* Pods_SimbirSoftInternship.framework in Frameworks */ = {isa = PBXBuildFile; fileRef = 3F75E60AE7D01213896BC2A9 /* Pods_SimbirSoftInternship.framework */; };
		810B3599286B519700676106 /* HelpCategoriesCollectionHeaderView.swift in Sources */ = {isa = PBXBuildFile; fileRef = 810B3598286B519700676106 /* HelpCategoriesCollectionHeaderView.swift */; };
		814B8851286DA52500B03EA4 /* HelpScreen.storyboard in Resources */ = {isa = PBXBuildFile; fileRef = 814B8850286DA52500B03EA4 /* HelpScreen.storyboard */; };
		814B8853286DA60600B03EA4 /* NewsScreen.storyboard in Resources */ = {isa = PBXBuildFile; fileRef = 814B8852286DA60600B03EA4 /* NewsScreen.storyboard */; };
		814B8855286DA62E00B03EA4 /* SearchScreen.storyboard in Resources */ = {isa = PBXBuildFile; fileRef = 814B8854286DA62E00B03EA4 /* SearchScreen.storyboard */; };
		814B8857286DA64F00B03EA4 /* HistoryScreen.storyboard in Resources */ = {isa = PBXBuildFile; fileRef = 814B8856286DA64F00B03EA4 /* HistoryScreen.storyboard */; };
		814B8859286DA67200B03EA4 /* ProfileScreen.storyboard in Resources */ = {isa = PBXBuildFile; fileRef = 814B8858286DA67200B03EA4 /* ProfileScreen.storyboard */; };
		816525AE285DFA78005838A6 /* AppDelegate.swift in Sources */ = {isa = PBXBuildFile; fileRef = 816525AD285DFA78005838A6 /* AppDelegate.swift */; };
		816525B0285DFA78005838A6 /* SceneDelegate.swift in Sources */ = {isa = PBXBuildFile; fileRef = 816525AF285DFA78005838A6 /* SceneDelegate.swift */; };
		816525B5285DFA78005838A6 /* Main.storyboard in Resources */ = {isa = PBXBuildFile; fileRef = 816525B3285DFA78005838A6 /* Main.storyboard */; };
		816525B7285DFA79005838A6 /* Assets.xcassets in Resources */ = {isa = PBXBuildFile; fileRef = 816525B6285DFA79005838A6 /* Assets.xcassets */; };
		816525BA285DFA79005838A6 /* LaunchScreen.storyboard in Resources */ = {isa = PBXBuildFile; fileRef = 816525B8285DFA79005838A6 /* LaunchScreen.storyboard */; };
		816F50F1286B2C55007F0723 /* CustomTabBarController.swift in Sources */ = {isa = PBXBuildFile; fileRef = 816F50F0286B2C55007F0723 /* CustomTabBarController.swift */; };
		816F50F3286B365D007F0723 /* CustomTabBar.swift in Sources */ = {isa = PBXBuildFile; fileRef = 816F50F2286B365D007F0723 /* CustomTabBar.swift */; };
		816F50F5286B4209007F0723 /* DataManager.swift in Sources */ = {isa = PBXBuildFile; fileRef = 816F50F4286B4209007F0723 /* DataManager.swift */; };
		816F50F7286B4328007F0723 /* HelpCategory.swift in Sources */ = {isa = PBXBuildFile; fileRef = 816F50F6286B4328007F0723 /* HelpCategory.swift */; };
		816F50F9286B44F3007F0723 /* HelpCategoriesCollectionViewController.swift in Sources */ = {isa = PBXBuildFile; fileRef = 816F50F8286B44F3007F0723 /* HelpCategoriesCollectionViewController.swift */; };
		816F50FB286B4530007F0723 /* HelpCategoryCollectionViewCell.swift in Sources */ = {isa = PBXBuildFile; fileRef = 816F50FA286B4530007F0723 /* HelpCategoryCollectionViewCell.swift */; };
		818BCF3D289EB64300F8304C /* RSHelpEvent.swift in Sources */ = {isa = PBXBuildFile; fileRef = 818BCF3C289EB64300F8304C /* RSHelpEvent.swift */; };
		818BCF48289EBDD500F8304C /* CDHelpCategory+CoreDataClass.swift in Sources */ = {isa = PBXBuildFile; fileRef = 818BCF3E289EBDD500F8304C /* CDHelpCategory+CoreDataClass.swift */; };
		818BCF49289EBDD500F8304C /* CDHelpCategory+CoreDataProperties.swift in Sources */ = {isa = PBXBuildFile; fileRef = 818BCF3F289EBDD500F8304C /* CDHelpCategory+CoreDataProperties.swift */; };
		818BCF4A289EBDD500F8304C /* CDImageName+CoreDataClass.swift in Sources */ = {isa = PBXBuildFile; fileRef = 818BCF40289EBDD500F8304C /* CDImageName+CoreDataClass.swift */; };
		818BCF4B289EBDD500F8304C /* CDImageName+CoreDataProperties.swift in Sources */ = {isa = PBXBuildFile; fileRef = 818BCF41289EBDD500F8304C /* CDImageName+CoreDataProperties.swift */; };
		818BCF4C289EBDD500F8304C /* CDHelpEvent+CoreDataClass.swift in Sources */ = {isa = PBXBuildFile; fileRef = 818BCF42289EBDD500F8304C /* CDHelpEvent+CoreDataClass.swift */; };
		818BCF4D289EBDD500F8304C /* CDHelpEvent+CoreDataProperties.swift in Sources */ = {isa = PBXBuildFile; fileRef = 818BCF43289EBDD500F8304C /* CDHelpEvent+CoreDataProperties.swift */; };
		818BCF4E289EBDD500F8304C /* CDPhoneNumber+CoreDataClass.swift in Sources */ = {isa = PBXBuildFile; fileRef = 818BCF44289EBDD500F8304C /* CDPhoneNumber+CoreDataClass.swift */; };
		818BCF4F289EBDD500F8304C /* CDPhoneNumber+CoreDataProperties.swift in Sources */ = {isa = PBXBuildFile; fileRef = 818BCF45289EBDD500F8304C /* CDPhoneNumber+CoreDataProperties.swift */; };
		818BCF50289EBDD500F8304C /* CDEventId+CoreDataClass.swift in Sources */ = {isa = PBXBuildFile; fileRef = 818BCF46289EBDD500F8304C /* CDEventId+CoreDataClass.swift */; };
		818BCF51289EBDD500F8304C /* CDEventId+CoreDataProperties.swift in Sources */ = {isa = PBXBuildFile; fileRef = 818BCF47289EBDD500F8304C /* CDEventId+CoreDataProperties.swift */; };
		81917F6D286DA99A00057891 /* UIColor+CustomColors.swift in Sources */ = {isa = PBXBuildFile; fileRef = 81917F6C286DA99A00057891 /* UIColor+CustomColors.swift */; };
		81917F6F286DAB4100057891 /* AppearanceConfigurator.swift in Sources */ = {isa = PBXBuildFile; fileRef = 81917F6E286DAB4100057891 /* AppearanceConfigurator.swift */; };
		81DAC545287C5635000A109E /* OfficinaSansExtraBoldSCC.otf in Resources */ = {isa = PBXBuildFile; fileRef = 81DAC544287C5635000A109E /* OfficinaSansExtraBoldSCC.otf */; };
		81DAC547287CB3D6000A109E /* EventsCollectionViewController.swift in Sources */ = {isa = PBXBuildFile; fileRef = 81DAC546287CB3D6000A109E /* EventsCollectionViewController.swift */; };
		81DAC54B287CB64E000A109E /* EventCollectionViewCell.swift in Sources */ = {isa = PBXBuildFile; fileRef = 81DAC54A287CB64E000A109E /* EventCollectionViewCell.swift */; };
		81DAC54D287CC5D1000A109E /* HelpEvent.swift in Sources */ = {isa = PBXBuildFile; fileRef = 81DAC54C287CC5D1000A109E /* HelpEvent.swift */; };
		81DAC57728800ECA000A109E /* DetailEventViewController.swift in Sources */ = {isa = PBXBuildFile; fileRef = 81DAC57628800ECA000A109E /* DetailEventViewController.swift */; };
		81F7031B2881C32100086B03 /* DateFormatter+CustomFormatters.swift in Sources */ = {isa = PBXBuildFile; fileRef = 81F7031A2881C32100086B03 /* DateFormatter+CustomFormatters.swift */; };
		81F7031E2882AD4B00086B03 /* HelpCategories.json in Resources */ = {isa = PBXBuildFile; fileRef = 81F7031D2882AD4B00086B03 /* HelpCategories.json */; };
		81F703202882AD5300086B03 /* HelpEvents.json in Resources */ = {isa = PBXBuildFile; fileRef = 81F7031F2882AD5300086B03 /* HelpEvents.json */; };
		81FE58FF289D0F1C004FA640 /* .swiftlint.yml in Resources */ = {isa = PBXBuildFile; fileRef = 81D901D7286B7AF700AD6784 /* .swiftlint.yml */; };
		81FE5903289D12FE004FA640 /* HelpCategoryResponse.swift in Sources */ = {isa = PBXBuildFile; fileRef = 81FE5902289D12FE004FA640 /* HelpCategoryResponse.swift */; };
		81FE5905289D131B004FA640 /* HelpEventResponse.swift in Sources */ = {isa = PBXBuildFile; fileRef = 81FE5904289D131B004FA640 /* HelpEventResponse.swift */; };
		81FE5909289D206A004FA640 /* CoreDataStack.swift in Sources */ = {isa = PBXBuildFile; fileRef = 81FE5908289D206A004FA640 /* CoreDataStack.swift */; };
		81FE590C289D20AC004FA640 /* SimbirSoftInternship.xcdatamodeld in Sources */ = {isa = PBXBuildFile; fileRef = 81FE590A289D20AC004FA640 /* SimbirSoftInternship.xcdatamodeld */; };
		81FE5937289E7473004FA640 /* RSHelpCategory.swift in Sources */ = {isa = PBXBuildFile; fileRef = 81FE5936289E7473004FA640 /* RSHelpCategory.swift */; };
/* End PBXBuildFile section */

/* Begin PBXFileReference section */
		0982C9E3AFC6899A67250447 /* Pods-Block 1 – SimbirSoft Internship.release.xcconfig */ = {isa = PBXFileReference; includeInIndex = 1; lastKnownFileType = text.xcconfig; name = "Pods-Block 1 – SimbirSoft Internship.release.xcconfig"; path = "Target Support Files/Pods-Block 1 – SimbirSoft Internship/Pods-Block 1 – SimbirSoft Internship.release.xcconfig"; sourceTree = "<group>"; };
		111BF04D776117CDE8FEE053 /* Pods-SimbirSoftInternship.debug.xcconfig */ = {isa = PBXFileReference; includeInIndex = 1; lastKnownFileType = text.xcconfig; name = "Pods-SimbirSoftInternship.debug.xcconfig"; path = "Target Support Files/Pods-SimbirSoftInternship/Pods-SimbirSoftInternship.debug.xcconfig"; sourceTree = "<group>"; };
		14E2020FAA62B40ED7FF51AA /* Pods-Block 1 – SimbirSoft Internship.debug.xcconfig */ = {isa = PBXFileReference; includeInIndex = 1; lastKnownFileType = text.xcconfig; name = "Pods-Block 1 – SimbirSoft Internship.debug.xcconfig"; path = "Target Support Files/Pods-Block 1 – SimbirSoft Internship/Pods-Block 1 – SimbirSoft Internship.debug.xcconfig"; sourceTree = "<group>"; };
		3F75E60AE7D01213896BC2A9 /* Pods_SimbirSoftInternship.framework */ = {isa = PBXFileReference; explicitFileType = wrapper.framework; includeInIndex = 0; path = Pods_SimbirSoftInternship.framework; sourceTree = BUILT_PRODUCTS_DIR; };
		810B3598286B519700676106 /* HelpCategoriesCollectionHeaderView.swift */ = {isa = PBXFileReference; lastKnownFileType = sourcecode.swift; path = HelpCategoriesCollectionHeaderView.swift; sourceTree = "<group>"; };
		814B8850286DA52500B03EA4 /* HelpScreen.storyboard */ = {isa = PBXFileReference; lastKnownFileType = file.storyboard; path = HelpScreen.storyboard; sourceTree = "<group>"; };
		814B8852286DA60600B03EA4 /* NewsScreen.storyboard */ = {isa = PBXFileReference; lastKnownFileType = file.storyboard; path = NewsScreen.storyboard; sourceTree = "<group>"; };
		814B8854286DA62E00B03EA4 /* SearchScreen.storyboard */ = {isa = PBXFileReference; lastKnownFileType = file.storyboard; path = SearchScreen.storyboard; sourceTree = "<group>"; };
		814B8856286DA64F00B03EA4 /* HistoryScreen.storyboard */ = {isa = PBXFileReference; lastKnownFileType = file.storyboard; path = HistoryScreen.storyboard; sourceTree = "<group>"; };
		814B8858286DA67200B03EA4 /* ProfileScreen.storyboard */ = {isa = PBXFileReference; lastKnownFileType = file.storyboard; path = ProfileScreen.storyboard; sourceTree = "<group>"; };
		816525AA285DFA78005838A6 /* SimbirSoftInternship.app */ = {isa = PBXFileReference; explicitFileType = wrapper.application; includeInIndex = 0; path = SimbirSoftInternship.app; sourceTree = BUILT_PRODUCTS_DIR; };
		816525AD285DFA78005838A6 /* AppDelegate.swift */ = {isa = PBXFileReference; lastKnownFileType = sourcecode.swift; path = AppDelegate.swift; sourceTree = "<group>"; };
		816525AF285DFA78005838A6 /* SceneDelegate.swift */ = {isa = PBXFileReference; lastKnownFileType = sourcecode.swift; path = SceneDelegate.swift; sourceTree = "<group>"; };
		816525B4285DFA78005838A6 /* Base */ = {isa = PBXFileReference; lastKnownFileType = file.storyboard; name = Base; path = Base.lproj/Main.storyboard; sourceTree = "<group>"; };
		816525B6285DFA79005838A6 /* Assets.xcassets */ = {isa = PBXFileReference; lastKnownFileType = folder.assetcatalog; path = Assets.xcassets; sourceTree = "<group>"; };
		816525B9285DFA79005838A6 /* Base */ = {isa = PBXFileReference; lastKnownFileType = file.storyboard; name = Base; path = Base.lproj/LaunchScreen.storyboard; sourceTree = "<group>"; };
		816525BB285DFA79005838A6 /* Info.plist */ = {isa = PBXFileReference; lastKnownFileType = text.plist.xml; path = Info.plist; sourceTree = "<group>"; };
		816F50F0286B2C55007F0723 /* CustomTabBarController.swift */ = {isa = PBXFileReference; lastKnownFileType = sourcecode.swift; path = CustomTabBarController.swift; sourceTree = "<group>"; };
		816F50F2286B365D007F0723 /* CustomTabBar.swift */ = {isa = PBXFileReference; lastKnownFileType = sourcecode.swift; path = CustomTabBar.swift; sourceTree = "<group>"; };
		816F50F4286B4209007F0723 /* DataManager.swift */ = {isa = PBXFileReference; lastKnownFileType = sourcecode.swift; path = DataManager.swift; sourceTree = "<group>"; };
		816F50F6286B4328007F0723 /* HelpCategory.swift */ = {isa = PBXFileReference; lastKnownFileType = sourcecode.swift; path = HelpCategory.swift; sourceTree = "<group>"; };
		816F50F8286B44F3007F0723 /* HelpCategoriesCollectionViewController.swift */ = {isa = PBXFileReference; lastKnownFileType = sourcecode.swift; path = HelpCategoriesCollectionViewController.swift; sourceTree = "<group>"; };
		816F50FA286B4530007F0723 /* HelpCategoryCollectionViewCell.swift */ = {isa = PBXFileReference; lastKnownFileType = sourcecode.swift; path = HelpCategoryCollectionViewCell.swift; sourceTree = "<group>"; };
		818BCF3C289EB64300F8304C /* RSHelpEvent.swift */ = {isa = PBXFileReference; lastKnownFileType = sourcecode.swift; path = RSHelpEvent.swift; sourceTree = "<group>"; };
		818BCF3E289EBDD500F8304C /* CDHelpCategory+CoreDataClass.swift */ = {isa = PBXFileReference; lastKnownFileType = sourcecode.swift; path = "CDHelpCategory+CoreDataClass.swift"; sourceTree = "<group>"; };
		818BCF3F289EBDD500F8304C /* CDHelpCategory+CoreDataProperties.swift */ = {isa = PBXFileReference; lastKnownFileType = sourcecode.swift; path = "CDHelpCategory+CoreDataProperties.swift"; sourceTree = "<group>"; };
		818BCF40289EBDD500F8304C /* CDImageName+CoreDataClass.swift */ = {isa = PBXFileReference; lastKnownFileType = sourcecode.swift; path = "CDImageName+CoreDataClass.swift"; sourceTree = "<group>"; };
		818BCF41289EBDD500F8304C /* CDImageName+CoreDataProperties.swift */ = {isa = PBXFileReference; lastKnownFileType = sourcecode.swift; path = "CDImageName+CoreDataProperties.swift"; sourceTree = "<group>"; };
		818BCF42289EBDD500F8304C /* CDHelpEvent+CoreDataClass.swift */ = {isa = PBXFileReference; lastKnownFileType = sourcecode.swift; path = "CDHelpEvent+CoreDataClass.swift"; sourceTree = "<group>"; };
		818BCF43289EBDD500F8304C /* CDHelpEvent+CoreDataProperties.swift */ = {isa = PBXFileReference; lastKnownFileType = sourcecode.swift; path = "CDHelpEvent+CoreDataProperties.swift"; sourceTree = "<group>"; };
		818BCF44289EBDD500F8304C /* CDPhoneNumber+CoreDataClass.swift */ = {isa = PBXFileReference; lastKnownFileType = sourcecode.swift; path = "CDPhoneNumber+CoreDataClass.swift"; sourceTree = "<group>"; };
		818BCF45289EBDD500F8304C /* CDPhoneNumber+CoreDataProperties.swift */ = {isa = PBXFileReference; lastKnownFileType = sourcecode.swift; path = "CDPhoneNumber+CoreDataProperties.swift"; sourceTree = "<group>"; };
		818BCF46289EBDD500F8304C /* CDEventId+CoreDataClass.swift */ = {isa = PBXFileReference; lastKnownFileType = sourcecode.swift; path = "CDEventId+CoreDataClass.swift"; sourceTree = "<group>"; };
		818BCF47289EBDD500F8304C /* CDEventId+CoreDataProperties.swift */ = {isa = PBXFileReference; lastKnownFileType = sourcecode.swift; path = "CDEventId+CoreDataProperties.swift"; sourceTree = "<group>"; };
		81917F6C286DA99A00057891 /* UIColor+CustomColors.swift */ = {isa = PBXFileReference; lastKnownFileType = sourcecode.swift; path = "UIColor+CustomColors.swift"; sourceTree = "<group>"; };
		81917F6E286DAB4100057891 /* AppearanceConfigurator.swift */ = {isa = PBXFileReference; lastKnownFileType = sourcecode.swift; path = AppearanceConfigurator.swift; sourceTree = "<group>"; };
		81D901D7286B7AF700AD6784 /* .swiftlint.yml */ = {isa = PBXFileReference; lastKnownFileType = text.yaml; name = .swiftlint.yml; path = "/Users/trofimpetanov/Documents/GitHub/SimbirSoft-Internship/SimbirSoft Internship/.swiftlint.yml"; sourceTree = "<absolute>"; wrapsLines = 1; };
		81DAC544287C5635000A109E /* OfficinaSansExtraBoldSCC.otf */ = {isa = PBXFileReference; lastKnownFileType = file; path = OfficinaSansExtraBoldSCC.otf; sourceTree = "<group>"; };
		81DAC546287CB3D6000A109E /* EventsCollectionViewController.swift */ = {isa = PBXFileReference; lastKnownFileType = sourcecode.swift; path = EventsCollectionViewController.swift; sourceTree = "<group>"; };
		81DAC54A287CB64E000A109E /* EventCollectionViewCell.swift */ = {isa = PBXFileReference; lastKnownFileType = sourcecode.swift; path = EventCollectionViewCell.swift; sourceTree = "<group>"; };
		81DAC54C287CC5D1000A109E /* HelpEvent.swift */ = {isa = PBXFileReference; lastKnownFileType = sourcecode.swift; path = HelpEvent.swift; sourceTree = "<group>"; };
		81DAC57628800ECA000A109E /* DetailEventViewController.swift */ = {isa = PBXFileReference; lastKnownFileType = sourcecode.swift; path = DetailEventViewController.swift; sourceTree = "<group>"; };
		81F7031A2881C32100086B03 /* DateFormatter+CustomFormatters.swift */ = {isa = PBXFileReference; lastKnownFileType = sourcecode.swift; path = "DateFormatter+CustomFormatters.swift"; sourceTree = "<group>"; };
		81F7031D2882AD4B00086B03 /* HelpCategories.json */ = {isa = PBXFileReference; fileEncoding = 4; lastKnownFileType = text.json; path = HelpCategories.json; sourceTree = "<group>"; };
		81F7031F2882AD5300086B03 /* HelpEvents.json */ = {isa = PBXFileReference; fileEncoding = 4; lastKnownFileType = text.json; path = HelpEvents.json; sourceTree = "<group>"; };
		81FE5902289D12FE004FA640 /* HelpCategoryResponse.swift */ = {isa = PBXFileReference; lastKnownFileType = sourcecode.swift; path = HelpCategoryResponse.swift; sourceTree = "<group>"; };
		81FE5904289D131B004FA640 /* HelpEventResponse.swift */ = {isa = PBXFileReference; lastKnownFileType = sourcecode.swift; path = HelpEventResponse.swift; sourceTree = "<group>"; };
		81FE5908289D206A004FA640 /* CoreDataStack.swift */ = {isa = PBXFileReference; lastKnownFileType = sourcecode.swift; path = CoreDataStack.swift; sourceTree = "<group>"; };
		81FE590B289D20AC004FA640 /* SimbirSoftInternship.xcdatamodel */ = {isa = PBXFileReference; lastKnownFileType = wrapper.xcdatamodel; path = SimbirSoftInternship.xcdatamodel; sourceTree = "<group>"; };
		81FE5936289E7473004FA640 /* RSHelpCategory.swift */ = {isa = PBXFileReference; lastKnownFileType = sourcecode.swift; path = RSHelpCategory.swift; sourceTree = "<group>"; };
		A4E00AC7A1D4C6836511DD76 /* Pods-SimbirSoftInternship.release.xcconfig */ = {isa = PBXFileReference; includeInIndex = 1; lastKnownFileType = text.xcconfig; name = "Pods-SimbirSoftInternship.release.xcconfig"; path = "Target Support Files/Pods-SimbirSoftInternship/Pods-SimbirSoftInternship.release.xcconfig"; sourceTree = "<group>"; };
/* End PBXFileReference section */

/* Begin PBXFrameworksBuildPhase section */
		816525A7285DFA78005838A6 /* Frameworks */ = {
			isa = PBXFrameworksBuildPhase;
			buildActionMask = 2147483647;
			files = (
				003EE360778C513F4C1D4896 /* Pods_SimbirSoftInternship.framework in Frameworks */,
			);
			runOnlyForDeploymentPostprocessing = 0;
		};
/* End PBXFrameworksBuildPhase section */

/* Begin PBXGroup section */
		2C32168B0A715490E2D3F558 /* Frameworks */ = {
			isa = PBXGroup;
			children = (
				3F75E60AE7D01213896BC2A9 /* Pods_SimbirSoftInternship.framework */,
			);
			name = Frameworks;
			sourceTree = "<group>";
		};
		814B884F286DA4D500B03EA4 /* Storyboards */ = {
			isa = PBXGroup;
			children = (
				816525B3285DFA78005838A6 /* Main.storyboard */,
				814B8852286DA60600B03EA4 /* NewsScreen.storyboard */,
				814B8854286DA62E00B03EA4 /* SearchScreen.storyboard */,
				814B8850286DA52500B03EA4 /* HelpScreen.storyboard */,
				814B8856286DA64F00B03EA4 /* HistoryScreen.storyboard */,
				814B8858286DA67200B03EA4 /* ProfileScreen.storyboard */,
			);
			path = Storyboards;
			sourceTree = "<group>";
		};
		816525A1285DFA78005838A6 = {
			isa = PBXGroup;
			children = (
				816525AC285DFA78005838A6 /* SimbirSoftInternship */,
				816525AB285DFA78005838A6 /* Products */,
				EA2BBD07EED20E299DACB359 /* Pods */,
				2C32168B0A715490E2D3F558 /* Frameworks */,
				81D901D7286B7AF700AD6784 /* .swiftlint.yml */,
			);
			sourceTree = "<group>";
		};
		816525AB285DFA78005838A6 /* Products */ = {
			isa = PBXGroup;
			children = (
				816525AA285DFA78005838A6 /* SimbirSoftInternship.app */,
			);
			name = Products;
			sourceTree = "<group>";
		};
		816525AC285DFA78005838A6 /* SimbirSoftInternship */ = {
			isa = PBXGroup;
			children = (
				81D901CB286B622700AD6784 /* Models */,
				81D901CC286B623D00AD6784 /* Views */,
				81D901CE286B626300AD6784 /* ViewControllers */,
				81917F6B286DA93800057891 /* Extensions */,
				81D901CD286B625900AD6784 /* Service */,
				814B884F286DA4D500B03EA4 /* Storyboards */,
				81D901D0286B628D00AD6784 /* Resources */,
				816525BB285DFA79005838A6 /* Info.plist */,
			);
			path = SimbirSoftInternship;
			sourceTree = "<group>";
		};
		81917F6B286DA93800057891 /* Extensions */ = {
			isa = PBXGroup;
			children = (
				81917F6C286DA99A00057891 /* UIColor+CustomColors.swift */,
				81F7031A2881C32100086B03 /* DateFormatter+CustomFormatters.swift */,
			);
			path = Extensions;
			sourceTree = "<group>";
		};
		81D901CB286B622700AD6784 /* Models */ = {
			isa = PBXGroup;
			children = (
				816F50F6286B4328007F0723 /* HelpCategory.swift */,
				81DAC54C287CC5D1000A109E /* HelpEvent.swift */,
			);
			path = Models;
			sourceTree = "<group>";
		};
		81D901CC286B623D00AD6784 /* Views */ = {
			isa = PBXGroup;
			children = (
				816F50F2286B365D007F0723 /* CustomTabBar.swift */,
				81D901CF286B627200AD6784 /* HelpCategoriesViews */,
				81DAC549287CB5C9000A109E /* EventsViews */,
			);
			path = Views;
			sourceTree = "<group>";
		};
		81D901CD286B625900AD6784 /* Service */ = {
			isa = PBXGroup;
			children = (
				816F50F4286B4209007F0723 /* DataManager.swift */,
				81F7031C2882AC6B00086B03 /* Data */,
				81FE5906289D2032004FA640 /* CoreData */,
				81FE5935289E72EE004FA640 /* Realm */,
				81917F6E286DAB4100057891 /* AppearanceConfigurator.swift */,
			);
			path = Service;
			sourceTree = "<group>";
		};
		81D901CE286B626300AD6784 /* ViewControllers */ = {
			isa = PBXGroup;
			children = (
				816F50F0286B2C55007F0723 /* CustomTabBarController.swift */,
				81DAC548287CB3DE000A109E /* HelpScreen */,
			);
			path = ViewControllers;
			sourceTree = "<group>";
		};
		81D901CF286B627200AD6784 /* HelpCategoriesViews */ = {
			isa = PBXGroup;
			children = (
				810B3598286B519700676106 /* HelpCategoriesCollectionHeaderView.swift */,
				816F50FA286B4530007F0723 /* HelpCategoryCollectionViewCell.swift */,
			);
			path = HelpCategoriesViews;
			sourceTree = "<group>";
		};
		81D901D0286B628D00AD6784 /* Resources */ = {
			isa = PBXGroup;
			children = (
				816525AD285DFA78005838A6 /* AppDelegate.swift */,
				816525AF285DFA78005838A6 /* SceneDelegate.swift */,
				816525B8285DFA79005838A6 /* LaunchScreen.storyboard */,
				816525B6285DFA79005838A6 /* Assets.xcassets */,
				81DAC53F287C3EAA000A109E /* Fonts */,
			);
			path = Resources;
			sourceTree = "<group>";
		};
		81DAC53F287C3EAA000A109E /* Fonts */ = {
			isa = PBXGroup;
			children = (
				81DAC544287C5635000A109E /* OfficinaSansExtraBoldSCC.otf */,
			);
			name = Fonts;
			path = ../Storyboards/Fonts;
			sourceTree = "<group>";
		};
		81DAC548287CB3DE000A109E /* HelpScreen */ = {
			isa = PBXGroup;
			children = (
				816F50F8286B44F3007F0723 /* HelpCategoriesCollectionViewController.swift */,
				81DAC546287CB3D6000A109E /* EventsCollectionViewController.swift */,
				81DAC57628800ECA000A109E /* DetailEventViewController.swift */,
			);
			path = HelpScreen;
			sourceTree = "<group>";
		};
		81DAC549287CB5C9000A109E /* EventsViews */ = {
			isa = PBXGroup;
			children = (
				81DAC54A287CB64E000A109E /* EventCollectionViewCell.swift */,
			);
			path = EventsViews;
			sourceTree = "<group>";
		};
		81F7031C2882AC6B00086B03 /* Data */ = {
			isa = PBXGroup;
			children = (
				81FE5900289D12D4004FA640 /* Models */,
				81FE5901289D12DD004FA640 /* JSON */,
			);
			path = Data;
			sourceTree = "<group>";
		};
		81FE5900289D12D4004FA640 /* Models */ = {
			isa = PBXGroup;
			children = (
				81FE5902289D12FE004FA640 /* HelpCategoryResponse.swift */,
				81FE5904289D131B004FA640 /* HelpEventResponse.swift */,
			);
			path = Models;
			sourceTree = "<group>";
		};
		81FE5901289D12DD004FA640 /* JSON */ = {
			isa = PBXGroup;
			children = (
				81F7031D2882AD4B00086B03 /* HelpCategories.json */,
				81F7031F2882AD5300086B03 /* HelpEvents.json */,
			);
			path = JSON;
			sourceTree = "<group>";
		};
		81FE5906289D2032004FA640 /* CoreData */ = {
			isa = PBXGroup;
			children = (
				81FE5907289D2044004FA640 /* Models */,
				81FE5908289D206A004FA640 /* CoreDataStack.swift */,
				81FE590A289D20AC004FA640 /* SimbirSoftInternship.xcdatamodeld */,
			);
			path = CoreData;
			sourceTree = "<group>";
		};
		81FE5907289D2044004FA640 /* Models */ = {
			isa = PBXGroup;
			children = (
				818BCF3E289EBDD500F8304C /* CDHelpCategory+CoreDataClass.swift */,
				818BCF3F289EBDD500F8304C /* CDHelpCategory+CoreDataProperties.swift */,
				818BCF40289EBDD500F8304C /* CDImageName+CoreDataClass.swift */,
				818BCF41289EBDD500F8304C /* CDImageName+CoreDataProperties.swift */,
				818BCF42289EBDD500F8304C /* CDHelpEvent+CoreDataClass.swift */,
				818BCF43289EBDD500F8304C /* CDHelpEvent+CoreDataProperties.swift */,
				818BCF44289EBDD500F8304C /* CDPhoneNumber+CoreDataClass.swift */,
				818BCF45289EBDD500F8304C /* CDPhoneNumber+CoreDataProperties.swift */,
				818BCF46289EBDD500F8304C /* CDEventId+CoreDataClass.swift */,
				818BCF47289EBDD500F8304C /* CDEventId+CoreDataProperties.swift */,
			);
			path = Models;
			sourceTree = "<group>";
		};
		81FE5935289E72EE004FA640 /* Realm */ = {
			isa = PBXGroup;
			children = (
				81FE5936289E7473004FA640 /* RSHelpCategory.swift */,
				818BCF3C289EB64300F8304C /* RSHelpEvent.swift */,
			);
			path = Realm;
			sourceTree = "<group>";
		};
		EA2BBD07EED20E299DACB359 /* Pods */ = {
			isa = PBXGroup;
			children = (
				14E2020FAA62B40ED7FF51AA /* Pods-Block 1 – SimbirSoft Internship.debug.xcconfig */,
				0982C9E3AFC6899A67250447 /* Pods-Block 1 – SimbirSoft Internship.release.xcconfig */,
				111BF04D776117CDE8FEE053 /* Pods-SimbirSoftInternship.debug.xcconfig */,
				A4E00AC7A1D4C6836511DD76 /* Pods-SimbirSoftInternship.release.xcconfig */,
			);
			path = Pods;
			sourceTree = "<group>";
		};
/* End PBXGroup section */

/* Begin PBXNativeTarget section */
		816525A9285DFA78005838A6 /* SimbirSoftInternship */ = {
			isa = PBXNativeTarget;
			buildConfigurationList = 816525BE285DFA79005838A6 /* Build configuration list for PBXNativeTarget "SimbirSoftInternship" */;
			buildPhases = (
				52D09C4059BC427B58D0BE5F /* [CP] Check Pods Manifest.lock */,
				816128F7286B60650040BBA3 /* ShellScript */,
				816525A6285DFA78005838A6 /* Sources */,
				816525A7285DFA78005838A6 /* Frameworks */,
				816525A8285DFA78005838A6 /* Resources */,
				0ED5AA54FE839521A721639F /* [CP] Embed Pods Frameworks */,
			);
			buildRules = (
			);
			dependencies = (
			);
			name = SimbirSoftInternship;
			productName = "Block 1 – SimbirSoft Internship";
			productReference = 816525AA285DFA78005838A6 /* SimbirSoftInternship.app */;
			productType = "com.apple.product-type.application";
		};
/* End PBXNativeTarget section */

/* Begin PBXProject section */
		816525A2285DFA78005838A6 /* Project object */ = {
			isa = PBXProject;
			attributes = {
				BuildIndependentTargetsInParallel = 1;
				LastSwiftUpdateCheck = 1340;
				LastUpgradeCheck = 1340;
				TargetAttributes = {
					816525A9285DFA78005838A6 = {
						CreatedOnToolsVersion = 13.4.1;
					};
				};
			};
			buildConfigurationList = 816525A5285DFA78005838A6 /* Build configuration list for PBXProject "SimbirSoftInternship" */;
			compatibilityVersion = "Xcode 13.0";
			developmentRegion = en;
			hasScannedForEncodings = 0;
			knownRegions = (
				en,
				Base,
			);
			mainGroup = 816525A1285DFA78005838A6;
			productRefGroup = 816525AB285DFA78005838A6 /* Products */;
			projectDirPath = "";
			projectRoot = "";
			targets = (
				816525A9285DFA78005838A6 /* SimbirSoftInternship */,
			);
		};
/* End PBXProject section */

/* Begin PBXResourcesBuildPhase section */
		816525A8285DFA78005838A6 /* Resources */ = {
			isa = PBXResourcesBuildPhase;
			buildActionMask = 2147483647;
			files = (
				81FE58FF289D0F1C004FA640 /* .swiftlint.yml in Resources */,
				814B8859286DA67200B03EA4 /* ProfileScreen.storyboard in Resources */,
				816525BA285DFA79005838A6 /* LaunchScreen.storyboard in Resources */,
				814B8851286DA52500B03EA4 /* HelpScreen.storyboard in Resources */,
				81DAC545287C5635000A109E /* OfficinaSansExtraBoldSCC.otf in Resources */,
				814B8855286DA62E00B03EA4 /* SearchScreen.storyboard in Resources */,
				814B8853286DA60600B03EA4 /* NewsScreen.storyboard in Resources */,
				816525B7285DFA79005838A6 /* Assets.xcassets in Resources */,
				81F703202882AD5300086B03 /* HelpEvents.json in Resources */,
				814B8857286DA64F00B03EA4 /* HistoryScreen.storyboard in Resources */,
				81F7031E2882AD4B00086B03 /* HelpCategories.json in Resources */,
				816525B5285DFA78005838A6 /* Main.storyboard in Resources */,
			);
			runOnlyForDeploymentPostprocessing = 0;
		};
/* End PBXResourcesBuildPhase section */

/* Begin PBXShellScriptBuildPhase section */
		0ED5AA54FE839521A721639F /* [CP] Embed Pods Frameworks */ = {
			isa = PBXShellScriptBuildPhase;
			buildActionMask = 2147483647;
			files = (
			);
			inputFileListPaths = (
				"${PODS_ROOT}/Target Support Files/Pods-SimbirSoftInternship/Pods-SimbirSoftInternship-frameworks-${CONFIGURATION}-input-files.xcfilelist",
			);
			name = "[CP] Embed Pods Frameworks";
			outputFileListPaths = (
				"${PODS_ROOT}/Target Support Files/Pods-SimbirSoftInternship/Pods-SimbirSoftInternship-frameworks-${CONFIGURATION}-output-files.xcfilelist",
			);
			runOnlyForDeploymentPostprocessing = 0;
			shellPath = /bin/sh;
			shellScript = "\"${PODS_ROOT}/Target Support Files/Pods-SimbirSoftInternship/Pods-SimbirSoftInternship-frameworks.sh\"\n";
			showEnvVarsInLog = 0;
		};
		52D09C4059BC427B58D0BE5F /* [CP] Check Pods Manifest.lock */ = {
			isa = PBXShellScriptBuildPhase;
			buildActionMask = 2147483647;
			files = (
			);
			inputFileListPaths = (
			);
			inputPaths = (
				"${PODS_PODFILE_DIR_PATH}/Podfile.lock",
				"${PODS_ROOT}/Manifest.lock",
			);
			name = "[CP] Check Pods Manifest.lock";
			outputFileListPaths = (
			);
			outputPaths = (
				"$(DERIVED_FILE_DIR)/Pods-SimbirSoftInternship-checkManifestLockResult.txt",
			);
			runOnlyForDeploymentPostprocessing = 0;
			shellPath = /bin/sh;
			shellScript = "diff \"${PODS_PODFILE_DIR_PATH}/Podfile.lock\" \"${PODS_ROOT}/Manifest.lock\" > /dev/null\nif [ $? != 0 ] ; then\n    # print error to STDERR\n    echo \"error: The sandbox is not in sync with the Podfile.lock. Run 'pod install' or update your CocoaPods installation.\" >&2\n    exit 1\nfi\n# This output is used by Xcode 'outputs' to avoid re-running this script phase.\necho \"SUCCESS\" > \"${SCRIPT_OUTPUT_FILE_0}\"\n";
			showEnvVarsInLog = 0;
		};
		816128F7286B60650040BBA3 /* ShellScript */ = {
			isa = PBXShellScriptBuildPhase;
			buildActionMask = 2147483647;
			files = (
			);
			inputFileListPaths = (
			);
			inputPaths = (
			);
			outputFileListPaths = (
			);
			outputPaths = (
			);
			runOnlyForDeploymentPostprocessing = 0;
			shellPath = /bin/sh;
			shellScript = "if which swiftlint >/dev/null; then\n  swiftlint\nelse\n  echo \"warning: SwiftLint not installed, download from https://github.com/realm/SwiftLint\"\nfi\n";
		};
/* End PBXShellScriptBuildPhase section */

/* Begin PBXSourcesBuildPhase section */
		816525A6285DFA78005838A6 /* Sources */ = {
			isa = PBXSourcesBuildPhase;
			buildActionMask = 2147483647;
			files = (
				816F50FB286B4530007F0723 /* HelpCategoryCollectionViewCell.swift in Sources */,
				818BCF4E289EBDD500F8304C /* CDPhoneNumber+CoreDataClass.swift in Sources */,
				818BCF4C289EBDD500F8304C /* CDHelpEvent+CoreDataClass.swift in Sources */,
				816F50F9286B44F3007F0723 /* HelpCategoriesCollectionViewController.swift in Sources */,
				816F50F5286B4209007F0723 /* DataManager.swift in Sources */,
				818BCF49289EBDD500F8304C /* CDHelpCategory+CoreDataProperties.swift in Sources */,
				818BCF51289EBDD500F8304C /* CDEventId+CoreDataProperties.swift in Sources */,
				816F50F3286B365D007F0723 /* CustomTabBar.swift in Sources */,
				816F50F1286B2C55007F0723 /* CustomTabBarController.swift in Sources */,
				81917F6F286DAB4100057891 /* AppearanceConfigurator.swift in Sources */,
				81DAC57728800ECA000A109E /* DetailEventViewController.swift in Sources */,
				818BCF50289EBDD500F8304C /* CDEventId+CoreDataClass.swift in Sources */,
				81FE5937289E7473004FA640 /* RSHelpCategory.swift in Sources */,
				810B3599286B519700676106 /* HelpCategoriesCollectionHeaderView.swift in Sources */,
				81FE5909289D206A004FA640 /* CoreDataStack.swift in Sources */,
				818BCF4D289EBDD500F8304C /* CDHelpEvent+CoreDataProperties.swift in Sources */,
				81FE5905289D131B004FA640 /* HelpEventResponse.swift in Sources */,
				81DAC547287CB3D6000A109E /* EventsCollectionViewController.swift in Sources */,
				81917F6D286DA99A00057891 /* UIColor+CustomColors.swift in Sources */,
				81FE5903289D12FE004FA640 /* HelpCategoryResponse.swift in Sources */,
				81DAC54B287CB64E000A109E /* EventCollectionViewCell.swift in Sources */,
				816525AE285DFA78005838A6 /* AppDelegate.swift in Sources */,
				818BCF4B289EBDD500F8304C /* CDImageName+CoreDataProperties.swift in Sources */,
				818BCF48289EBDD500F8304C /* CDHelpCategory+CoreDataClass.swift in Sources */,
				81DAC54D287CC5D1000A109E /* HelpEvent.swift in Sources */,
				816525B0285DFA78005838A6 /* SceneDelegate.swift in Sources */,
				81FE590C289D20AC004FA640 /* SimbirSoftInternship.xcdatamodeld in Sources */,
				818BCF4A289EBDD500F8304C /* CDImageName+CoreDataClass.swift in Sources */,
				818BCF4F289EBDD500F8304C /* CDPhoneNumber+CoreDataProperties.swift in Sources */,
				81F7031B2881C32100086B03 /* DateFormatter+CustomFormatters.swift in Sources */,
				818BCF3D289EB64300F8304C /* RSHelpEvent.swift in Sources */,
				816F50F7286B4328007F0723 /* HelpCategory.swift in Sources */,
			);
			runOnlyForDeploymentPostprocessing = 0;
		};
/* End PBXSourcesBuildPhase section */

/* Begin PBXVariantGroup section */
		816525B3285DFA78005838A6 /* Main.storyboard */ = {
			isa = PBXVariantGroup;
			children = (
				816525B4285DFA78005838A6 /* Base */,
			);
			name = Main.storyboard;
			sourceTree = "<group>";
		};
		816525B8285DFA79005838A6 /* LaunchScreen.storyboard */ = {
			isa = PBXVariantGroup;
			children = (
				816525B9285DFA79005838A6 /* Base */,
			);
			name = LaunchScreen.storyboard;
			sourceTree = "<group>";
		};
/* End PBXVariantGroup section */

/* Begin XCBuildConfiguration section */
		816525BC285DFA79005838A6 /* Debug */ = {
			isa = XCBuildConfiguration;
			buildSettings = {
				ALWAYS_SEARCH_USER_PATHS = NO;
				CLANG_ANALYZER_NONNULL = YES;
				CLANG_ANALYZER_NUMBER_OBJECT_CONVERSION = YES_AGGRESSIVE;
				CLANG_CXX_LANGUAGE_STANDARD = "gnu++17";
				CLANG_ENABLE_MODULES = YES;
				CLANG_ENABLE_OBJC_ARC = YES;
				CLANG_ENABLE_OBJC_WEAK = YES;
				CLANG_WARN_BLOCK_CAPTURE_AUTORELEASING = YES;
				CLANG_WARN_BOOL_CONVERSION = YES;
				CLANG_WARN_COMMA = YES;
				CLANG_WARN_CONSTANT_CONVERSION = YES;
				CLANG_WARN_DEPRECATED_OBJC_IMPLEMENTATIONS = YES;
				CLANG_WARN_DIRECT_OBJC_ISA_USAGE = YES_ERROR;
				CLANG_WARN_DOCUMENTATION_COMMENTS = YES;
				CLANG_WARN_EMPTY_BODY = YES;
				CLANG_WARN_ENUM_CONVERSION = YES;
				CLANG_WARN_INFINITE_RECURSION = YES;
				CLANG_WARN_INT_CONVERSION = YES;
				CLANG_WARN_NON_LITERAL_NULL_CONVERSION = YES;
				CLANG_WARN_OBJC_IMPLICIT_RETAIN_SELF = YES;
				CLANG_WARN_OBJC_LITERAL_CONVERSION = YES;
				CLANG_WARN_OBJC_ROOT_CLASS = YES_ERROR;
				CLANG_WARN_QUOTED_INCLUDE_IN_FRAMEWORK_HEADER = YES;
				CLANG_WARN_RANGE_LOOP_ANALYSIS = YES;
				CLANG_WARN_STRICT_PROTOTYPES = YES;
				CLANG_WARN_SUSPICIOUS_MOVE = YES;
				CLANG_WARN_UNGUARDED_AVAILABILITY = YES_AGGRESSIVE;
				CLANG_WARN_UNREACHABLE_CODE = YES;
				CLANG_WARN__DUPLICATE_METHOD_MATCH = YES;
				COPY_PHASE_STRIP = NO;
				DEBUG_INFORMATION_FORMAT = dwarf;
				ENABLE_STRICT_OBJC_MSGSEND = YES;
				ENABLE_TESTABILITY = YES;
				GCC_C_LANGUAGE_STANDARD = gnu11;
				GCC_DYNAMIC_NO_PIC = NO;
				GCC_NO_COMMON_BLOCKS = YES;
				GCC_OPTIMIZATION_LEVEL = 0;
				GCC_PREPROCESSOR_DEFINITIONS = (
					"DEBUG=1",
					"$(inherited)",
				);
				GCC_WARN_64_TO_32_BIT_CONVERSION = YES;
				GCC_WARN_ABOUT_RETURN_TYPE = YES_ERROR;
				GCC_WARN_UNDECLARED_SELECTOR = YES;
				GCC_WARN_UNINITIALIZED_AUTOS = YES_AGGRESSIVE;
				GCC_WARN_UNUSED_FUNCTION = YES;
				GCC_WARN_UNUSED_VARIABLE = YES;
				IPHONEOS_DEPLOYMENT_TARGET = 15.5;
				MTL_ENABLE_DEBUG_INFO = INCLUDE_SOURCE;
				MTL_FAST_MATH = YES;
				ONLY_ACTIVE_ARCH = YES;
				SDKROOT = iphoneos;
				SWIFT_ACTIVE_COMPILATION_CONDITIONS = DEBUG;
				SWIFT_OPTIMIZATION_LEVEL = "-Onone";
			};
			name = Debug;
		};
		816525BD285DFA79005838A6 /* Release */ = {
			isa = XCBuildConfiguration;
			buildSettings = {
				ALWAYS_SEARCH_USER_PATHS = NO;
				CLANG_ANALYZER_NONNULL = YES;
				CLANG_ANALYZER_NUMBER_OBJECT_CONVERSION = YES_AGGRESSIVE;
				CLANG_CXX_LANGUAGE_STANDARD = "gnu++17";
				CLANG_ENABLE_MODULES = YES;
				CLANG_ENABLE_OBJC_ARC = YES;
				CLANG_ENABLE_OBJC_WEAK = YES;
				CLANG_WARN_BLOCK_CAPTURE_AUTORELEASING = YES;
				CLANG_WARN_BOOL_CONVERSION = YES;
				CLANG_WARN_COMMA = YES;
				CLANG_WARN_CONSTANT_CONVERSION = YES;
				CLANG_WARN_DEPRECATED_OBJC_IMPLEMENTATIONS = YES;
				CLANG_WARN_DIRECT_OBJC_ISA_USAGE = YES_ERROR;
				CLANG_WARN_DOCUMENTATION_COMMENTS = YES;
				CLANG_WARN_EMPTY_BODY = YES;
				CLANG_WARN_ENUM_CONVERSION = YES;
				CLANG_WARN_INFINITE_RECURSION = YES;
				CLANG_WARN_INT_CONVERSION = YES;
				CLANG_WARN_NON_LITERAL_NULL_CONVERSION = YES;
				CLANG_WARN_OBJC_IMPLICIT_RETAIN_SELF = YES;
				CLANG_WARN_OBJC_LITERAL_CONVERSION = YES;
				CLANG_WARN_OBJC_ROOT_CLASS = YES_ERROR;
				CLANG_WARN_QUOTED_INCLUDE_IN_FRAMEWORK_HEADER = YES;
				CLANG_WARN_RANGE_LOOP_ANALYSIS = YES;
				CLANG_WARN_STRICT_PROTOTYPES = YES;
				CLANG_WARN_SUSPICIOUS_MOVE = YES;
				CLANG_WARN_UNGUARDED_AVAILABILITY = YES_AGGRESSIVE;
				CLANG_WARN_UNREACHABLE_CODE = YES;
				CLANG_WARN__DUPLICATE_METHOD_MATCH = YES;
				COPY_PHASE_STRIP = NO;
				DEBUG_INFORMATION_FORMAT = "dwarf-with-dsym";
				ENABLE_NS_ASSERTIONS = NO;
				ENABLE_STRICT_OBJC_MSGSEND = YES;
				GCC_C_LANGUAGE_STANDARD = gnu11;
				GCC_NO_COMMON_BLOCKS = YES;
				GCC_WARN_64_TO_32_BIT_CONVERSION = YES;
				GCC_WARN_ABOUT_RETURN_TYPE = YES_ERROR;
				GCC_WARN_UNDECLARED_SELECTOR = YES;
				GCC_WARN_UNINITIALIZED_AUTOS = YES_AGGRESSIVE;
				GCC_WARN_UNUSED_FUNCTION = YES;
				GCC_WARN_UNUSED_VARIABLE = YES;
				IPHONEOS_DEPLOYMENT_TARGET = 15.5;
				MTL_ENABLE_DEBUG_INFO = NO;
				MTL_FAST_MATH = YES;
				SDKROOT = iphoneos;
				SWIFT_COMPILATION_MODE = wholemodule;
				SWIFT_OPTIMIZATION_LEVEL = "-O";
				VALIDATE_PRODUCT = YES;
			};
			name = Release;
		};
		816525BF285DFA79005838A6 /* Debug */ = {
			isa = XCBuildConfiguration;
			baseConfigurationReference = 111BF04D776117CDE8FEE053 /* Pods-SimbirSoftInternship.debug.xcconfig */;
			buildSettings = {
				ASSETCATALOG_COMPILER_APPICON_NAME = AppIcon;
				ASSETCATALOG_COMPILER_GLOBAL_ACCENT_COLOR_NAME = AccentColor;
				CODE_SIGN_STYLE = Automatic;
				CURRENT_PROJECT_VERSION = 1;
				DEVELOPMENT_TEAM = 2Z58X67VS2;
				GENERATE_INFOPLIST_FILE = YES;
				INFOPLIST_FILE = SimbirSoftInternship/Info.plist;
				INFOPLIST_KEY_CFBundleDisplayName = "Хочу помочь";
				INFOPLIST_KEY_UIApplicationSupportsIndirectInputEvents = YES;
				INFOPLIST_KEY_UILaunchStoryboardName = LaunchScreen;
				INFOPLIST_KEY_UIMainStoryboardFile = Main;
				INFOPLIST_KEY_UISupportedInterfaceOrientations_iPad = "UIInterfaceOrientationPortrait UIInterfaceOrientationPortraitUpsideDown UIInterfaceOrientationLandscapeLeft UIInterfaceOrientationLandscapeRight";
				INFOPLIST_KEY_UISupportedInterfaceOrientations_iPhone = "UIInterfaceOrientationPortrait UIInterfaceOrientationLandscapeLeft UIInterfaceOrientationLandscapeRight";
				IPHONEOS_DEPLOYMENT_TARGET = 12.0;
				LD_RUNPATH_SEARCH_PATHS = (
					"$(inherited)",
					"@executable_path/Frameworks",
				);
				MARKETING_VERSION = 1.0;
				PRODUCT_BUNDLE_IDENTIFIER = com.trofimpetyanov.SimbirSoftInternship;
				PRODUCT_NAME = "$(TARGET_NAME)";
				SWIFT_EMIT_LOC_STRINGS = YES;
				SWIFT_VERSION = 5.0;
				TARGETED_DEVICE_FAMILY = 1;
			};
			name = Debug;
		};
		816525C0285DFA79005838A6 /* Release */ = {
			isa = XCBuildConfiguration;
			baseConfigurationReference = A4E00AC7A1D4C6836511DD76 /* Pods-SimbirSoftInternship.release.xcconfig */;
			buildSettings = {
				ASSETCATALOG_COMPILER_APPICON_NAME = AppIcon;
				ASSETCATALOG_COMPILER_GLOBAL_ACCENT_COLOR_NAME = AccentColor;
				CODE_SIGN_STYLE = Automatic;
				CURRENT_PROJECT_VERSION = 1;
				DEVELOPMENT_TEAM = 2Z58X67VS2;
				GENERATE_INFOPLIST_FILE = YES;
				INFOPLIST_FILE = SimbirSoftInternship/Info.plist;
				INFOPLIST_KEY_CFBundleDisplayName = "Хочу помочь";
				INFOPLIST_KEY_UIApplicationSupportsIndirectInputEvents = YES;
				INFOPLIST_KEY_UILaunchStoryboardName = LaunchScreen;
				INFOPLIST_KEY_UIMainStoryboardFile = Main;
				INFOPLIST_KEY_UISupportedInterfaceOrientations_iPad = "UIInterfaceOrientationPortrait UIInterfaceOrientationPortraitUpsideDown UIInterfaceOrientationLandscapeLeft UIInterfaceOrientationLandscapeRight";
				INFOPLIST_KEY_UISupportedInterfaceOrientations_iPhone = "UIInterfaceOrientationPortrait UIInterfaceOrientationLandscapeLeft UIInterfaceOrientationLandscapeRight";
				IPHONEOS_DEPLOYMENT_TARGET = 12.0;
				LD_RUNPATH_SEARCH_PATHS = (
					"$(inherited)",
					"@executable_path/Frameworks",
				);
				MARKETING_VERSION = 1.0;
				PRODUCT_BUNDLE_IDENTIFIER = com.trofimpetyanov.SimbirSoftInternship;
				PRODUCT_NAME = "$(TARGET_NAME)";
				SWIFT_EMIT_LOC_STRINGS = YES;
				SWIFT_VERSION = 5.0;
				TARGETED_DEVICE_FAMILY = 1;
			};
			name = Release;
		};
/* End XCBuildConfiguration section */

/* Begin XCConfigurationList section */
		816525A5285DFA78005838A6 /* Build configuration list for PBXProject "SimbirSoftInternship" */ = {
			isa = XCConfigurationList;
			buildConfigurations = (
				816525BC285DFA79005838A6 /* Debug */,
				816525BD285DFA79005838A6 /* Release */,
			);
			defaultConfigurationIsVisible = 0;
			defaultConfigurationName = Release;
		};
		816525BE285DFA79005838A6 /* Build configuration list for PBXNativeTarget "SimbirSoftInternship" */ = {
			isa = XCConfigurationList;
			buildConfigurations = (
				816525BF285DFA79005838A6 /* Debug */,
				816525C0285DFA79005838A6 /* Release */,
			);
			defaultConfigurationIsVisible = 0;
			defaultConfigurationName = Release;
		};
/* End XCConfigurationList section */

/* Begin XCVersionGroup section */
		81FE590A289D20AC004FA640 /* SimbirSoftInternship.xcdatamodeld */ = {
			isa = XCVersionGroup;
			children = (
				81FE590B289D20AC004FA640 /* SimbirSoftInternship.xcdatamodel */,
			);
			currentVersion = 81FE590B289D20AC004FA640 /* SimbirSoftInternship.xcdatamodel */;
			path = SimbirSoftInternship.xcdatamodeld;
			sourceTree = "<group>";
			versionGroupType = wrapper.xcdatamodel;
		};
/* End XCVersionGroup section */
	};
	rootObject = 816525A2285DFA78005838A6 /* Project object */;
}
